
Microsoft Visual Studio Solution File, Format Version 12.00
# Visual Studio Version 16
VisualStudioVersion = 16.0.30611.23
MinimumVisualStudioVersion = 10.0.40219.1
Project("{9A19103F-16F7-4668-BE54-9A1E7A4F7556}") = "ClineDemo", "ClineDemo.csproj", "{442B7916-8505-4CCF-ACF1-8FDB51BA846D}"
EndProject
Project("{FAE04EC0-301F-11D3-BF4B-00C04F79EFBC}") = "My_api2", "..\My_api2\My_api2.csproj", "{331E9ACD-78F2-4DE9-B60E-4F0030AFEE36}"
EndProject
Project("{FAE04EC0-301F-11D3-BF4B-00C04F79EFBC}") = "T2 IoC", "..\T2 IoC\T2 IoC.csproj", "{0A2374EA-D645-4B63-A64C-218E42B7A644}"
EndProject
Global
	GlobalSection(SolutionConfigurationPlatforms) = preSolution
		Debug|Any CPU = Debug|Any CPU
		Release|Any CPU = Release|Any CPU
	EndGlobalSection
	GlobalSection(ProjectConfigurationPlatforms) = postSolution
		{442B7916-8505-4CCF-ACF1-8FDB51BA846D}.Debug|Any CPU.ActiveCfg = Release|Any CPU
		{442B7916-8505-4CCF-ACF1-8FDB51BA846D}.Debug|Any CPU.Build.0 = Release|Any CPU
		{442B7916-8505-4CCF-ACF1-8FDB51BA846D}.Release|Any CPU.ActiveCfg = Release|Any CPU
		{442B7916-8505-4CCF-ACF1-8FDB51BA846D}.Release|Any CPU.Build.0 = Release|Any CPU
		{331E9ACD-78F2-4DE9-B60E-4F0030AFEE36}.Debug|Any CPU.ActiveCfg = Debug|Any CPU
		{331E9ACD-78F2-4DE9-B60E-4F0030AFEE36}.Debug|Any CPU.Build.0 = Debug|Any CPU
		{331E9ACD-78F2-4DE9-B60E-4F0030AFEE36}.Release|Any CPU.ActiveCfg = Release|Any CPU
		{331E9ACD-78F2-4DE9-B60E-4F0030AFEE36}.Release|Any CPU.Build.0 = Release|Any CPU
		{0A2374EA-D645-4B63-A64C-218E42B7A644}.Debug|Any CPU.ActiveCfg = Debug|Any CPU
		{0A2374EA-D645-4B63-A64C-218E42B7A644}.Debug|Any CPU.Build.0 = Debug|Any CPU
		{0A2374EA-D645-4B63-A64C-218E42B7A644}.Release|Any CPU.ActiveCfg = Release|Any CPU
		{0A2374EA-D645-4B63-A64C-218E42B7A644}.Release|Any CPU.Build.0 = Release|Any CPU
	EndGlobalSection
	GlobalSection(SolutionProperties) = preSolution
		HideSolutionNode = FALSE
	EndGlobalSection
	GlobalSection(ExtensibilityGlobals) = postSolution
		SolutionGuid = {11815CE6-2AEF-4AB9-87E0-6FC913718010}
	EndGlobalSection
EndGlobal
