
Microsoft Visual Studio Solution File, Format Version 12.00
# Visual Studio Version 16
VisualStudioVersion = 16.0.30611.23
MinimumVisualStudioVersion = 10.0.40219.1
Project("{9A19103F-16F7-4668-BE54-9A1E7A4F7556}") = "T1微服务架构", "T1微服务架构.csproj", "{6F6A66F2-9502-4D98-8F24-5C2E062E3C94}"
EndProject
Project("{FAE04EC0-301F-11D3-BF4B-00C04F79EFBC}") = "异步编程", "..\异步编程\异步编程.csproj", "{F91BDC7E-79B5-4ACC-A3D1-C055E327950D}"
EndProject
Project("{FAE04EC0-301F-11D3-BF4B-00C04F79EFBC}") = "网站抓取", "..\网站抓取\网站抓取.csproj", "{AB85BE02-C7C3-418B-84FB-73705D363B58}"
EndProject
Global
	GlobalSection(SolutionConfigurationPlatforms) = preSolution
		Debug|Any CPU = Debug|Any CPU
		Release|Any CPU = Release|Any CPU
	EndGlobalSection
	GlobalSection(ProjectConfigurationPlatforms) = postSolution
		{6F6A66F2-9502-4D98-8F24-5C2E062E3C94}.Debug|Any CPU.ActiveCfg = Debug|Any CPU
		{6F6A66F2-9502-4D98-8F24-5C2E062E3C94}.Debug|Any CPU.Build.0 = Debug|Any CPU
		{6F6A66F2-9502-4D98-8F24-5C2E062E3C94}.Release|Any CPU.ActiveCfg = Release|Any CPU
		{6F6A66F2-9502-4D98-8F24-5C2E062E3C94}.Release|Any CPU.Build.0 = Release|Any CPU
		{F91BDC7E-79B5-4ACC-A3D1-C055E327950D}.Debug|Any CPU.ActiveCfg = Debug|Any CPU
		{F91BDC7E-79B5-4ACC-A3D1-C055E327950D}.Debug|Any CPU.Build.0 = Debug|Any CPU
		{F91BDC7E-79B5-4ACC-A3D1-C055E327950D}.Release|Any CPU.ActiveCfg = Release|Any CPU
		{F91BDC7E-79B5-4ACC-A3D1-C055E327950D}.Release|Any CPU.Build.0 = Release|Any CPU
		{AB85BE02-C7C3-418B-84FB-73705D363B58}.Debug|Any CPU.ActiveCfg = Debug|Any CPU
		{AB85BE02-C7C3-418B-84FB-73705D363B58}.Debug|Any CPU.Build.0 = Debug|Any CPU
		{AB85BE02-C7C3-418B-84FB-73705D363B58}.Release|Any CPU.ActiveCfg = Release|Any CPU
		{AB85BE02-C7C3-418B-84FB-73705D363B58}.Release|Any CPU.Build.0 = Release|Any CPU
	EndGlobalSection
	GlobalSection(SolutionProperties) = preSolution
		HideSolutionNode = FALSE
	EndGlobalSection
	GlobalSection(ExtensibilityGlobals) = postSolution
		SolutionGuid = {41CE111E-2F20-4FAE-A7C9-34B7A1A7241A}
	EndGlobalSection
EndGlobal
